
Microsoft Visual Studio Solution File, Format Version 12.00
# Visual Studio Version 17
VisualStudioVersion = 17.7.34018.315
MinimumVisualStudioVersion = 10.0.40219.1
Project("{FAE04EC0-301F-11D3-BF4B-00C04F79EFBC}") = "PROD ACTIVITYY", "PROD ACTIVITYY.csproj", "{6484F6B7-0019-454F-9495-D919C10778BB}"
EndProject
Global
	GlobalSection(SolutionConfigurationPlatforms) = preSolution
		Debug|Any CPU = Debug|Any CPU
		Release|Any CPU = Release|Any CPU
	EndGlobalSection
	GlobalSection(ProjectConfigurationPlatforms) = postSolution
		{6484F6B7-0019-454F-9495-D919C10778BB}.Debug|Any CPU.ActiveCfg = Debug|Any CPU
		{6484F6B7-0019-454F-9495-D919C10778BB}.Debug|Any CPU.Build.0 = Debug|Any CPU
		{6484F6B7-0019-454F-9495-D919C10778BB}.Release|Any CPU.ActiveCfg = Release|Any CPU
		{6484F6B7-0019-454F-9495-D919C10778BB}.Release|Any CPU.Build.0 = Release|Any CPU
	EndGlobalSection
	GlobalSection(SolutionProperties) = preSolution
		HideSolutionNode = FALSE
	EndGlobalSection
	GlobalSection(ExtensibilityGlobals) = postSolution
		SolutionGuid = {26869117-8751-438C-B916-03AF214CDD3A}
	EndGlobalSection
EndGlobal
